{
  "lockfileVersion": 1,
  "workspaces": {
    "": {
      "name": "flutter_template_project",
      "devDependencies": {
        "prettier": "3.7.3",
      },
    },
  },
  "packages": {
    "prettier": ["prettier@3.7.3", "", { "bin": { "prettier": "bin/prettier.cjs" } }, "sha512-QgODejq9K3OzoBbuyobZlUhznP5SKwPqp+6Q6xw6o8gnhr4O85L2U915iM2IDcfF2NPXVaM9zlo9tdwipnYwzg=="],
  }
}
